
Microsoft Visual Studio Solution File, Format Version 12.00
# Visual Studio 14
VisualStudioVersion = 14.0.25420.1
MinimumVisualStudioVersion = 10.0.40219.1
Project("{FAE04EC0-301F-11D3-BF4B-00C04F79EFBC}") = "QuanLyKhachSan", "QuanLyKhachSan\QuanLyKhachSan.csproj", "{51F726FE-540B-4DD7-87F0-0CB54AB8885C}"
EndProject
Project("{FAE04EC0-301F-11D3-BF4B-00C04F79EFBC}") = "Lab2", "..\..\..\Documents\PRN292\Homework\Lab2\Lab2\Lab2.csproj", "{864CF776-8F8E-467D-ADA1-197C1FBD9595}"
EndProject
Project("{FAE04EC0-301F-11D3-BF4B-00C04F79EFBC}") = "WindowsFormsApplication13", "..\..\..\Documents\PRN292\WindowsFormsApplication13\WindowsFormsApplication13\WindowsFormsApplication13.csproj", "{3C2FF69E-67EC-44D6-83E3-1D0A4196F326}"
EndProject
Project("{FAE04EC0-301F-11D3-BF4B-00C04F79EFBC}") = "Lab1", "..\..\..\Documents\PRN292\Lab1\Lab1.csproj", "{657ADC15-57F8-4AD0-B828-499304C292C1}"
EndProject
Project("{FAE04EC0-301F-11D3-BF4B-00C04F79EFBC}") = "Q3", "..\..\FE\Q3\Q3\Q3.csproj", "{ED548FB6-7BAF-44DB-9CB9-6B59ACB3EEE2}"
EndProject
Global
	GlobalSection(SolutionConfigurationPlatforms) = preSolution
		Debug|Any CPU = Debug|Any CPU
		Release|Any CPU = Release|Any CPU
	EndGlobalSection
	GlobalSection(ProjectConfigurationPlatforms) = postSolution
		{51F726FE-540B-4DD7-87F0-0CB54AB8885C}.Debug|Any CPU.ActiveCfg = Debug|Any CPU
		{51F726FE-540B-4DD7-87F0-0CB54AB8885C}.Debug|Any CPU.Build.0 = Debug|Any CPU
		{51F726FE-540B-4DD7-87F0-0CB54AB8885C}.Release|Any CPU.ActiveCfg = Release|Any CPU
		{51F726FE-540B-4DD7-87F0-0CB54AB8885C}.Release|Any CPU.Build.0 = Release|Any CPU
		{864CF776-8F8E-467D-ADA1-197C1FBD9595}.Debug|Any CPU.ActiveCfg = Debug|Any CPU
		{864CF776-8F8E-467D-ADA1-197C1FBD9595}.Debug|Any CPU.Build.0 = Debug|Any CPU
		{864CF776-8F8E-467D-ADA1-197C1FBD9595}.Release|Any CPU.ActiveCfg = Release|Any CPU
		{864CF776-8F8E-467D-ADA1-197C1FBD9595}.Release|Any CPU.Build.0 = Release|Any CPU
		{3C2FF69E-67EC-44D6-83E3-1D0A4196F326}.Debug|Any CPU.ActiveCfg = Debug|Any CPU
		{3C2FF69E-67EC-44D6-83E3-1D0A4196F326}.Debug|Any CPU.Build.0 = Debug|Any CPU
		{3C2FF69E-67EC-44D6-83E3-1D0A4196F326}.Release|Any CPU.ActiveCfg = Release|Any CPU
		{3C2FF69E-67EC-44D6-83E3-1D0A4196F326}.Release|Any CPU.Build.0 = Release|Any CPU
		{657ADC15-57F8-4AD0-B828-499304C292C1}.Debug|Any CPU.ActiveCfg = Debug|Any CPU
		{657ADC15-57F8-4AD0-B828-499304C292C1}.Debug|Any CPU.Build.0 = Debug|Any CPU
		{657ADC15-57F8-4AD0-B828-499304C292C1}.Release|Any CPU.ActiveCfg = Release|Any CPU
		{657ADC15-57F8-4AD0-B828-499304C292C1}.Release|Any CPU.Build.0 = Release|Any CPU
		{ED548FB6-7BAF-44DB-9CB9-6B59ACB3EEE2}.Debug|Any CPU.ActiveCfg = Debug|Any CPU
		{ED548FB6-7BAF-44DB-9CB9-6B59ACB3EEE2}.Debug|Any CPU.Build.0 = Debug|Any CPU
		{ED548FB6-7BAF-44DB-9CB9-6B59ACB3EEE2}.Release|Any CPU.ActiveCfg = Release|Any CPU
		{ED548FB6-7BAF-44DB-9CB9-6B59ACB3EEE2}.Release|Any CPU.Build.0 = Release|Any CPU
	EndGlobalSection
	GlobalSection(SolutionProperties) = preSolution
		HideSolutionNode = FALSE
	EndGlobalSection
EndGlobal
